
Microsoft Visual Studio Solution File, Format Version 12.00
# Visual Studio Version 17
VisualStudioVersion = 17.8.34511.84
MinimumVisualStudioVersion = 10.0.40219.1
Project("{FAE04EC0-301F-11D3-BF4B-00C04F79EFBC}") = "SimpleCalci(p1)", "SimpleCalci(p1)\SimpleCalci(p1).csproj", "{F1E2DEFD-100D-4AE5-8AA9-CD42C39E5B9B}"
EndProject
Global
	GlobalSection(SolutionConfigurationPlatforms) = preSolution
		Debug|Any CPU = Debug|Any CPU
		Release|Any CPU = Release|Any CPU
	EndGlobalSection
	GlobalSection(ProjectConfigurationPlatforms) = postSolution
		{F1E2DEFD-100D-4AE5-8AA9-CD42C39E5B9B}.Debug|Any CPU.ActiveCfg = Debug|Any CPU
		{F1E2DEFD-100D-4AE5-8AA9-CD42C39E5B9B}.Debug|Any CPU.Build.0 = Debug|Any CPU
		{F1E2DEFD-100D-4AE5-8AA9-CD42C39E5B9B}.Release|Any CPU.ActiveCfg = Release|Any CPU
		{F1E2DEFD-100D-4AE5-8AA9-CD42C39E5B9B}.Release|Any CPU.Build.0 = Release|Any CPU
	EndGlobalSection
	GlobalSection(SolutionProperties) = preSolution
		HideSolutionNode = FALSE
	EndGlobalSection
	GlobalSection(ExtensibilityGlobals) = postSolution
		SolutionGuid = {F7593394-54A7-49AF-9304-62C7B29ECC4F}
	EndGlobalSection
EndGlobal
